
Microsoft Visual Studio Solution File, Format Version 12.00
# Visual Studio Version 18
VisualStudioVersion = 18.4.11626.88
MinimumVisualStudioVersion = 10.0.40219.1
Project("{9A19103F-16F7-4668-BE54-9A1E7A4F7556}") = "Cryogenic", "Cryogenic\Cryogenic.csproj", "{023D57DC-85A2-4728-9D3B-F727ADFA3DF2}"
EndProject
Project("{9A19103F-16F7-4668-BE54-9A1E7A4F7556}") = "Cryogenic.Mt32Player", "Cryogenic.Mt32Player\Cryogenic.Mt32Player.csproj", "{3E4D2DD4-2D31-4B4D-9F27-66C0E6EA9A4A}"
EndProject
Project("{2150E333-8FDC-42A3-9474-1A3956D46DE8}") = "Solution Items", "Solution Items", "{180177AC-1266-42C6-B7BE-6A396C43C34D}"
	ProjectSection(SolutionItems) = preProject
		.editorconfig = .editorconfig
		..\.gitattributes = ..\.gitattributes
		..\.gitignore = ..\.gitignore
		..\CONTRIBUTING.md = ..\CONTRIBUTING.md
		..\.github\copilot-instructions.md = ..\.github\copilot-instructions.md
		..\GitVersion.yml = ..\GitVersion.yml
		..\LICENSE = ..\LICENSE
		..\NOTICE = ..\NOTICE
		..\README.md = ..\README.md
		..\.github\workflows\release.yml = ..\.github\workflows\release.yml
	EndProjectSection
EndProject
Global
	GlobalSection(SolutionConfigurationPlatforms) = preSolution
		Debug|Any CPU = Debug|Any CPU
		Release|Any CPU = Release|Any CPU
	EndGlobalSection
	GlobalSection(ProjectConfigurationPlatforms) = postSolution
		{023D57DC-85A2-4728-9D3B-F727ADFA3DF2}.Debug|Any CPU.ActiveCfg = Debug|Any CPU
		{023D57DC-85A2-4728-9D3B-F727ADFA3DF2}.Debug|Any CPU.Build.0 = Debug|Any CPU
		{023D57DC-85A2-4728-9D3B-F727ADFA3DF2}.Release|Any CPU.ActiveCfg = Release|Any CPU
		{023D57DC-85A2-4728-9D3B-F727ADFA3DF2}.Release|Any CPU.Build.0 = Release|Any CPU
		{3E4D2DD4-2D31-4B4D-9F27-66C0E6EA9A4A}.Debug|Any CPU.ActiveCfg = Debug|Any CPU
		{3E4D2DD4-2D31-4B4D-9F27-66C0E6EA9A4A}.Debug|Any CPU.Build.0 = Debug|Any CPU
		{3E4D2DD4-2D31-4B4D-9F27-66C0E6EA9A4A}.Release|Any CPU.ActiveCfg = Release|Any CPU
		{3E4D2DD4-2D31-4B4D-9F27-66C0E6EA9A4A}.Release|Any CPU.Build.0 = Release|Any CPU
	EndGlobalSection
	GlobalSection(SolutionProperties) = preSolution
		HideSolutionNode = FALSE
	EndGlobalSection
	GlobalSection(ExtensibilityGlobals) = postSolution
		SolutionGuid = {A6EDDCC4-C23C-40A0-817F-6EC510F3F84B}
	EndGlobalSection
EndGlobal
